
Microsoft Visual Studio Solution File, Format Version 12.00
# Visual Studio Version 17
VisualStudioVersion = 17.11.35312.102
MinimumVisualStudioVersion = 10.0.40219.1
Project("{FAE04EC0-301F-11D3-BF4B-00C04F79EFBC}") = "Academy2024Esercizi", "Academy2024Esercizi\Academy2024Esercizi.csproj", "{C00DB5B7-C2E5-4C20-BED5-963ACC0281F8}"
EndProject
Global
	GlobalSection(SolutionConfigurationPlatforms) = preSolution
		Debug|Any CPU = Debug|Any CPU
		Release|Any CPU = Release|Any CPU
	EndGlobalSection
	GlobalSection(ProjectConfigurationPlatforms) = postSolution
		{C00DB5B7-C2E5-4C20-BED5-963ACC0281F8}.Debug|Any CPU.ActiveCfg = Debug|Any CPU
		{C00DB5B7-C2E5-4C20-BED5-963ACC0281F8}.Debug|Any CPU.Build.0 = Debug|Any CPU
		{C00DB5B7-C2E5-4C20-BED5-963ACC0281F8}.Release|Any CPU.ActiveCfg = Release|Any CPU
		{C00DB5B7-C2E5-4C20-BED5-963ACC0281F8}.Release|Any CPU.Build.0 = Release|Any CPU
	EndGlobalSection
	GlobalSection(SolutionProperties) = preSolution
		HideSolutionNode = FALSE
	EndGlobalSection
	GlobalSection(ExtensibilityGlobals) = postSolution
		SolutionGuid = {0997ACA9-9183-45F7-BE6F-7E5049433B2D}
	EndGlobalSection
EndGlobal
